
Microsoft Visual Studio Solution File, Format Version 12.00
# Visual Studio Version 16
VisualStudioVersion = 16.0.30517.126
MinimumVisualStudioVersion = 10.0.40219.1
Project("{FAE04EC0-301F-11D3-BF4B-00C04F79EFBC}") = "Basta", "Basta\Basta.csproj", "{84AE90F8-F882-4FF5-A6B4-C25BC40A2970}"
EndProject
Project("{FAE04EC0-301F-11D3-BF4B-00C04F79EFBC}") = "Database", "Database\Database.csproj", "{DE60FBFC-BB93-44D4-BDB7-4E9C6418542E}"
EndProject
Project("{FAE04EC0-301F-11D3-BF4B-00C04F79EFBC}") = "Domain", "Domain\Domain.csproj", "{2382B2A2-D0DA-452D-8A5F-DE7CB21DAA3A}"
EndProject
Global
	GlobalSection(SolutionConfigurationPlatforms) = preSolution
		Debug|Any CPU = Debug|Any CPU
		Release|Any CPU = Release|Any CPU
	EndGlobalSection
	GlobalSection(ProjectConfigurationPlatforms) = postSolution
		{84AE90F8-F882-4FF5-A6B4-C25BC40A2970}.Debug|Any CPU.ActiveCfg = Debug|Any CPU
		{84AE90F8-F882-4FF5-A6B4-C25BC40A2970}.Debug|Any CPU.Build.0 = Debug|Any CPU
		{84AE90F8-F882-4FF5-A6B4-C25BC40A2970}.Release|Any CPU.ActiveCfg = Release|Any CPU
		{84AE90F8-F882-4FF5-A6B4-C25BC40A2970}.Release|Any CPU.Build.0 = Release|Any CPU
		{DE60FBFC-BB93-44D4-BDB7-4E9C6418542E}.Debug|Any CPU.ActiveCfg = Debug|Any CPU
		{DE60FBFC-BB93-44D4-BDB7-4E9C6418542E}.Debug|Any CPU.Build.0 = Debug|Any CPU
		{DE60FBFC-BB93-44D4-BDB7-4E9C6418542E}.Release|Any CPU.ActiveCfg = Release|Any CPU
		{DE60FBFC-BB93-44D4-BDB7-4E9C6418542E}.Release|Any CPU.Build.0 = Release|Any CPU
		{2382B2A2-D0DA-452D-8A5F-DE7CB21DAA3A}.Debug|Any CPU.ActiveCfg = Debug|Any CPU
		{2382B2A2-D0DA-452D-8A5F-DE7CB21DAA3A}.Debug|Any CPU.Build.0 = Debug|Any CPU
		{2382B2A2-D0DA-452D-8A5F-DE7CB21DAA3A}.Release|Any CPU.ActiveCfg = Release|Any CPU
		{2382B2A2-D0DA-452D-8A5F-DE7CB21DAA3A}.Release|Any CPU.Build.0 = Release|Any CPU
	EndGlobalSection
	GlobalSection(SolutionProperties) = preSolution
		HideSolutionNode = FALSE
	EndGlobalSection
	GlobalSection(ExtensibilityGlobals) = postSolution
		SolutionGuid = {A2C2A45A-B1D0-49BC-BA8F-2D2598258A6F}
	EndGlobalSection
EndGlobal
